
Microsoft Visual Studio Solution File, Format Version 12.00
# Visual Studio 15
VisualStudioVersion = 15.0.28307.136
MinimumVisualStudioVersion = 10.0.40219.1
Project("{FAE04EC0-301F-11D3-BF4B-00C04F79EFBC}") = "Lab_1_TFYAP", "Lab_1_TFYAP\Lab_1_TFYAP.csproj", "{5E0C9312-D192-47A1-AD45-EB4BAC9E1074}"
EndProject
Project("{FAE04EC0-301F-11D3-BF4B-00C04F79EFBC}") = "WpfApp1", "WpfApp1\WpfApp1.csproj", "{F873A250-8836-4494-BC28-561B832B0676}"
EndProject
Global
	GlobalSection(SolutionConfigurationPlatforms) = preSolution
		Debug|Any CPU = Debug|Any CPU
		Release|Any CPU = Release|Any CPU
	EndGlobalSection
	GlobalSection(ProjectConfigurationPlatforms) = postSolution
		{5E0C9312-D192-47A1-AD45-EB4BAC9E1074}.Debug|Any CPU.ActiveCfg = Debug|Any CPU
		{5E0C9312-D192-47A1-AD45-EB4BAC9E1074}.Debug|Any CPU.Build.0 = Debug|Any CPU
		{5E0C9312-D192-47A1-AD45-EB4BAC9E1074}.Release|Any CPU.ActiveCfg = Release|Any CPU
		{5E0C9312-D192-47A1-AD45-EB4BAC9E1074}.Release|Any CPU.Build.0 = Release|Any CPU
		{F873A250-8836-4494-BC28-561B832B0676}.Debug|Any CPU.ActiveCfg = Debug|Any CPU
		{F873A250-8836-4494-BC28-561B832B0676}.Debug|Any CPU.Build.0 = Debug|Any CPU
		{F873A250-8836-4494-BC28-561B832B0676}.Release|Any CPU.ActiveCfg = Release|Any CPU
		{F873A250-8836-4494-BC28-561B832B0676}.Release|Any CPU.Build.0 = Release|Any CPU
	EndGlobalSection
	GlobalSection(SolutionProperties) = preSolution
		HideSolutionNode = FALSE
	EndGlobalSection
	GlobalSection(ExtensibilityGlobals) = postSolution
		SolutionGuid = {DBB51E3A-D9E9-4615-934E-D1F341722793}
	EndGlobalSection
EndGlobal
